
Microsoft Visual Studio Solution File, Format Version 12.00
# Visual Studio Version 17
VisualStudioVersion = 17.2.32602.215
MinimumVisualStudioVersion = 15.0.26124.0
Project("{9A19103F-16F7-4668-BE54-9A1E7A4F7556}") = "Shop.Objects", "Objects\Shop.Objects.csproj", "{F1B09927-99FF-4787-9ED8-D87FF0ACBA18}"
EndProject
Project("{9A19103F-16F7-4668-BE54-9A1E7A4F7556}") = "Shop.ODataBackend", "ODataBackend\Shop.ODataBackend.csproj", "{69FA5481-E94C-4078-B228-5AAE67B41383}"
EndProject
Global
	GlobalSection(SolutionConfigurationPlatforms) = preSolution
		Debug|Any CPU = Debug|Any CPU
		Release|Any CPU = Release|Any CPU
	EndGlobalSection
	GlobalSection(ProjectConfigurationPlatforms) = postSolution
		{F1B09927-99FF-4787-9ED8-D87FF0ACBA18}.Debug|Any CPU.ActiveCfg = Debug|Any CPU
		{F1B09927-99FF-4787-9ED8-D87FF0ACBA18}.Debug|Any CPU.Build.0 = Debug|Any CPU
		{F1B09927-99FF-4787-9ED8-D87FF0ACBA18}.Release|Any CPU.ActiveCfg = Release|Any CPU
		{F1B09927-99FF-4787-9ED8-D87FF0ACBA18}.Release|Any CPU.Build.0 = Release|Any CPU
		{69FA5481-E94C-4078-B228-5AAE67B41383}.Debug|Any CPU.ActiveCfg = Debug|Any CPU
		{69FA5481-E94C-4078-B228-5AAE67B41383}.Debug|Any CPU.Build.0 = Debug|Any CPU
		{69FA5481-E94C-4078-B228-5AAE67B41383}.Release|Any CPU.ActiveCfg = Release|Any CPU
		{69FA5481-E94C-4078-B228-5AAE67B41383}.Release|Any CPU.Build.0 = Release|Any CPU
	EndGlobalSection
	GlobalSection(SolutionProperties) = preSolution
		HideSolutionNode = FALSE
	EndGlobalSection
	GlobalSection(ExtensibilityGlobals) = postSolution
		SolutionGuid = {396C3B34-0569-4D19-96E1-4FD5B4473B0A}
	EndGlobalSection
EndGlobal
